
Microsoft Visual Studio Solution File, Format Version 12.00
# Visual Studio Version 16
VisualStudioVersion = 16.0.29709.97
MinimumVisualStudioVersion = 10.0.40219.1
Project("{FAE04EC0-301F-11D3-BF4B-00C04F79EFBC}") = "BookStore", "BookStore.csproj", "{C5118A1B-5CF2-44BA-A48F-2FDB704DC20E}"
EndProject
Global
	GlobalSection(SolutionConfigurationPlatforms) = preSolution
		Debug|Any CPU = Debug|Any CPU
		Release|Any CPU = Release|Any CPU
	EndGlobalSection
	GlobalSection(ProjectConfigurationPlatforms) = postSolution
		{C5118A1B-5CF2-44BA-A48F-2FDB704DC20E}.Debug|Any CPU.ActiveCfg = Debug|Any CPU
		{C5118A1B-5CF2-44BA-A48F-2FDB704DC20E}.Debug|Any CPU.Build.0 = Debug|Any CPU
		{C5118A1B-5CF2-44BA-A48F-2FDB704DC20E}.Release|Any CPU.ActiveCfg = Release|Any CPU
		{C5118A1B-5CF2-44BA-A48F-2FDB704DC20E}.Release|Any CPU.Build.0 = Release|Any CPU
	EndGlobalSection
	GlobalSection(SolutionProperties) = preSolution
		HideSolutionNode = FALSE
	EndGlobalSection
	GlobalSection(ExtensibilityGlobals) = postSolution
		SolutionGuid = {D55B3CEE-FA89-460F-A3ED-F4049605EA39}
	EndGlobalSection
EndGlobal
